
Microsoft Visual Studio Solution File, Format Version 12.00
# Visual Studio 15
VisualStudioVersion = 15.0.27428.2037
MinimumVisualStudioVersion = 10.0.40219.1
Project("{9A19103F-16F7-4668-BE54-9A1E7A4F7556}") = "PartyInvites", "PartyInvites\PartyInvites.csproj", "{605EFEC2-0B75-4D03-B3A4-943FFA7B2DCE}"
EndProject
Project("{E53339B2-1760-4266-BCC7-CA923CBCF16C}") = "docker-compose", "docker-compose.dcproj", "{4EF1E539-CFD7-4D44-BD1F-7589D744177F}"
EndProject
Project("{9A19103F-16F7-4668-BE54-9A1E7A4F7556}") = "PartyInvites.EmailService", "PartyInvites.EmailService\PartyInvites.EmailService.csproj", "{70CF114A-5F99-4B03-ACB6-3488276688D0}"
EndProject
Project("{FAE04EC0-301F-11D3-BF4B-00C04F79EFBC}") = "PartyInvites.Infrastructure", "PartyInvites.Infrastructure\PartyInvites.Infrastructure.csproj", "{0C759240-1F8F-4FB3-B79A-AA7374C27EB9}"
EndProject
Project("{FAE04EC0-301F-11D3-BF4B-00C04F79EFBC}") = "EmailService", "EmailService\EmailService.csproj", "{A2CB819E-BB54-4206-8B8D-EA0DCDF34E34}"
EndProject
Global
	GlobalSection(SolutionConfigurationPlatforms) = preSolution
		Debug|Any CPU = Debug|Any CPU
		Release|Any CPU = Release|Any CPU
	EndGlobalSection
	GlobalSection(ProjectConfigurationPlatforms) = postSolution
		{605EFEC2-0B75-4D03-B3A4-943FFA7B2DCE}.Debug|Any CPU.ActiveCfg = Debug|Any CPU
		{605EFEC2-0B75-4D03-B3A4-943FFA7B2DCE}.Debug|Any CPU.Build.0 = Debug|Any CPU
		{605EFEC2-0B75-4D03-B3A4-943FFA7B2DCE}.Release|Any CPU.ActiveCfg = Release|Any CPU
		{605EFEC2-0B75-4D03-B3A4-943FFA7B2DCE}.Release|Any CPU.Build.0 = Release|Any CPU
		{4EF1E539-CFD7-4D44-BD1F-7589D744177F}.Debug|Any CPU.ActiveCfg = Debug|Any CPU
		{4EF1E539-CFD7-4D44-BD1F-7589D744177F}.Debug|Any CPU.Build.0 = Debug|Any CPU
		{4EF1E539-CFD7-4D44-BD1F-7589D744177F}.Release|Any CPU.ActiveCfg = Release|Any CPU
		{4EF1E539-CFD7-4D44-BD1F-7589D744177F}.Release|Any CPU.Build.0 = Release|Any CPU
		{70CF114A-5F99-4B03-ACB6-3488276688D0}.Debug|Any CPU.ActiveCfg = Debug|Any CPU
		{70CF114A-5F99-4B03-ACB6-3488276688D0}.Debug|Any CPU.Build.0 = Debug|Any CPU
		{70CF114A-5F99-4B03-ACB6-3488276688D0}.Release|Any CPU.ActiveCfg = Release|Any CPU
		{70CF114A-5F99-4B03-ACB6-3488276688D0}.Release|Any CPU.Build.0 = Release|Any CPU
		{0C759240-1F8F-4FB3-B79A-AA7374C27EB9}.Debug|Any CPU.ActiveCfg = Debug|Any CPU
		{0C759240-1F8F-4FB3-B79A-AA7374C27EB9}.Debug|Any CPU.Build.0 = Debug|Any CPU
		{0C759240-1F8F-4FB3-B79A-AA7374C27EB9}.Release|Any CPU.ActiveCfg = Release|Any CPU
		{0C759240-1F8F-4FB3-B79A-AA7374C27EB9}.Release|Any CPU.Build.0 = Release|Any CPU
		{A2CB819E-BB54-4206-8B8D-EA0DCDF34E34}.Debug|Any CPU.ActiveCfg = Debug|Any CPU
		{A2CB819E-BB54-4206-8B8D-EA0DCDF34E34}.Debug|Any CPU.Build.0 = Debug|Any CPU
		{A2CB819E-BB54-4206-8B8D-EA0DCDF34E34}.Release|Any CPU.ActiveCfg = Release|Any CPU
		{A2CB819E-BB54-4206-8B8D-EA0DCDF34E34}.Release|Any CPU.Build.0 = Release|Any CPU
	EndGlobalSection
	GlobalSection(SolutionProperties) = preSolution
		HideSolutionNode = FALSE
	EndGlobalSection
	GlobalSection(ExtensibilityGlobals) = postSolution
		SolutionGuid = {F24269BC-24F9-4ABD-BD46-0B235BEA4073}
	EndGlobalSection
EndGlobal
